
Microsoft Visual Studio Solution File, Format Version 12.00
# Visual Studio Version 16
VisualStudioVersion = 16.0.31205.134
MinimumVisualStudioVersion = 10.0.40219.1
Project("{FAE04EC0-301F-11D3-BF4B-00C04F79EFBC}") = "lab5_3", "lab5_3.csproj", "{C8CBF81B-BF79-4207-86AC-67AE06AB9BDE}"
EndProject
Global
	GlobalSection(SolutionConfigurationPlatforms) = preSolution
		Debug|Any CPU = Debug|Any CPU
		Release|Any CPU = Release|Any CPU
	EndGlobalSection
	GlobalSection(ProjectConfigurationPlatforms) = postSolution
		{C8CBF81B-BF79-4207-86AC-67AE06AB9BDE}.Debug|Any CPU.ActiveCfg = Debug|Any CPU
		{C8CBF81B-BF79-4207-86AC-67AE06AB9BDE}.Debug|Any CPU.Build.0 = Debug|Any CPU
		{C8CBF81B-BF79-4207-86AC-67AE06AB9BDE}.Release|Any CPU.ActiveCfg = Release|Any CPU
		{C8CBF81B-BF79-4207-86AC-67AE06AB9BDE}.Release|Any CPU.Build.0 = Release|Any CPU
	EndGlobalSection
	GlobalSection(SolutionProperties) = preSolution
		HideSolutionNode = FALSE
	EndGlobalSection
	GlobalSection(ExtensibilityGlobals) = postSolution
		SolutionGuid = {2C7B868D-79CC-402B-BB77-71E3953ACEE5}
	EndGlobalSection
EndGlobal
